
Microsoft Visual Studio Solution File, Format Version 12.00
# Visual Studio Version 16
VisualStudioVersion = 16.0.30711.63
MinimumVisualStudioVersion = 10.0.40219.1
Project("{FAE04EC0-301F-11D3-BF4B-00C04F79EFBC}") = "UniversityCodeFirts", "UniversityCodeFirts\UniversityCodeFirts.csproj", "{06B6E931-E20F-4A77-BE82-35EEE1F9158A}"
EndProject
Global
	GlobalSection(SolutionConfigurationPlatforms) = preSolution
		Debug|Any CPU = Debug|Any CPU
		Release|Any CPU = Release|Any CPU
	EndGlobalSection
	GlobalSection(ProjectConfigurationPlatforms) = postSolution
		{06B6E931-E20F-4A77-BE82-35EEE1F9158A}.Debug|Any CPU.ActiveCfg = Debug|Any CPU
		{06B6E931-E20F-4A77-BE82-35EEE1F9158A}.Debug|Any CPU.Build.0 = Debug|Any CPU
		{06B6E931-E20F-4A77-BE82-35EEE1F9158A}.Release|Any CPU.ActiveCfg = Release|Any CPU
		{06B6E931-E20F-4A77-BE82-35EEE1F9158A}.Release|Any CPU.Build.0 = Release|Any CPU
	EndGlobalSection
	GlobalSection(SolutionProperties) = preSolution
		HideSolutionNode = FALSE
	EndGlobalSection
	GlobalSection(ExtensibilityGlobals) = postSolution
		SolutionGuid = {270C7060-B870-4394-BDE0-A1BE47705737}
	EndGlobalSection
EndGlobal
